
Microsoft Visual Studio Solution File, Format Version 12.00
# Visual Studio Version 17
VisualStudioVersion = 17.3.32929.385
MinimumVisualStudioVersion = 10.0.40219.1
Project("{FAE04EC0-301F-11D3-BF4B-00C04F79EFBC}") = "lab2", "lab2\lab2.csproj", "{D222F3A9-D768-4F42-92B5-0A990728AD23}"
EndProject
Global
	GlobalSection(SolutionConfigurationPlatforms) = preSolution
		Debug|Any CPU = Debug|Any CPU
		Release|Any CPU = Release|Any CPU
	EndGlobalSection
	GlobalSection(ProjectConfigurationPlatforms) = postSolution
		{D222F3A9-D768-4F42-92B5-0A990728AD23}.Debug|Any CPU.ActiveCfg = Debug|Any CPU
		{D222F3A9-D768-4F42-92B5-0A990728AD23}.Debug|Any CPU.Build.0 = Debug|Any CPU
		{D222F3A9-D768-4F42-92B5-0A990728AD23}.Release|Any CPU.ActiveCfg = Release|Any CPU
		{D222F3A9-D768-4F42-92B5-0A990728AD23}.Release|Any CPU.Build.0 = Release|Any CPU
	EndGlobalSection
	GlobalSection(SolutionProperties) = preSolution
		HideSolutionNode = FALSE
	EndGlobalSection
	GlobalSection(ExtensibilityGlobals) = postSolution
		SolutionGuid = {B9F945D6-EEF1-454D-958B-91FD52CE8092}
	EndGlobalSection
EndGlobal
